Microsoft Visual Studio Solution File, Format Version 12.00
# Visual Studio Version 17
VisualStudioVersion = 17.5.2.0
MinimumVisualStudioVersion = 10.0.40219.1
Project("{2150E333-8FDC-42A3-9474-1A3956D46DE8}") = "backend", "backend", "{1AE8ACA6-933B-BF2A-3671-3E2EAC007D16}"
EndProject
Project("{FAE04EC0-301F-11D3-BF4B-00C04F79EFBC}") = "FilePrewviewService", "backend\FilePrewviewService\FilePrewviewService.csproj", "{579C0130-D8D5-1376-1B12-C02F93119DFD}"
EndProject
Project("{FAE04EC0-301F-11D3-BF4B-00C04F79EFBC}") = "backend", "backend\FileStreamService\backend.csproj", "{D19872DF-036F-D8C2-FBA3-45926645C14F}"
EndProject
Project("{FAE04EC0-301F-11D3-BF4B-00C04F79EFBC}") = "FileUploadService", "backend\FileUploadService\FileUploadService.csproj", "{A6D7C08D-CEA3-F6FC-5153-2A88F3C215AF}"
EndProject
Project("{FAE04EC0-301F-11D3-BF4B-00C04F79EFBC}") = "BackgroundJob", "backend\BackgroundJob\BackgroundJob.csproj", "{DBC4457A-9D98-4A00-BA08-48C787FDE1EE}"
EndProject
Global
	GlobalSection(SolutionConfigurationPlatforms) = preSolution
		Debug|Any CPU = Debug|Any CPU
		Release|Any CPU = Release|Any CPU
	EndGlobalSection
	GlobalSection(ProjectConfigurationPlatforms) = postSolution
		{579C0130-D8D5-1376-1B12-C02F93119DFD}.Debug|Any CPU.ActiveCfg = Debug|Any CPU
		{579C0130-D8D5-1376-1B12-C02F93119DFD}.Debug|Any CPU.Build.0 = Debug|Any CPU
		{579C0130-D8D5-1376-1B12-C02F93119DFD}.Release|Any CPU.ActiveCfg = Release|Any CPU
		{579C0130-D8D5-1376-1B12-C02F93119DFD}.Release|Any CPU.Build.0 = Release|Any CPU
		{D19872DF-036F-D8C2-FBA3-45926645C14F}.Debug|Any CPU.ActiveCfg = Debug|Any CPU
		{D19872DF-036F-D8C2-FBA3-45926645C14F}.Debug|Any CPU.Build.0 = Debug|Any CPU
		{D19872DF-036F-D8C2-FBA3-45926645C14F}.Release|Any CPU.ActiveCfg = Release|Any CPU
		{D19872DF-036F-D8C2-FBA3-45926645C14F}.Release|Any CPU.Build.0 = Release|Any CPU
		{A6D7C08D-CEA3-F6FC-5153-2A88F3C215AF}.Debug|Any CPU.ActiveCfg = Debug|Any CPU
		{A6D7C08D-CEA3-F6FC-5153-2A88F3C215AF}.Debug|Any CPU.Build.0 = Debug|Any CPU
		{A6D7C08D-CEA3-F6FC-5153-2A88F3C215AF}.Release|Any CPU.ActiveCfg = Release|Any CPU
		{A6D7C08D-CEA3-F6FC-5153-2A88F3C215AF}.Release|Any CPU.Build.0 = Release|Any CPU
		{DBC4457A-9D98-4A00-BA08-48C787FDE1EE}.Debug|Any CPU.ActiveCfg = Debug|Any CPU
		{DBC4457A-9D98-4A00-BA08-48C787FDE1EE}.Debug|Any CPU.Build.0 = Debug|Any CPU
		{DBC4457A-9D98-4A00-BA08-48C787FDE1EE}.Release|Any CPU.ActiveCfg = Release|Any CPU
		{DBC4457A-9D98-4A00-BA08-48C787FDE1EE}.Release|Any CPU.Build.0 = Release|Any CPU
	EndGlobalSection
	GlobalSection(SolutionProperties) = preSolution
		HideSolutionNode = FALSE
	EndGlobalSection
	GlobalSection(NestedProjects) = preSolution
		{579C0130-D8D5-1376-1B12-C02F93119DFD} = {1AE8ACA6-933B-BF2A-3671-3E2EAC007D16}
		{D19872DF-036F-D8C2-FBA3-45926645C14F} = {1AE8ACA6-933B-BF2A-3671-3E2EAC007D16}
		{A6D7C08D-CEA3-F6FC-5153-2A88F3C215AF} = {1AE8ACA6-933B-BF2A-3671-3E2EAC007D16}
		{DBC4457A-9D98-4A00-BA08-48C787FDE1EE} = {1AE8ACA6-933B-BF2A-3671-3E2EAC007D16}
	EndGlobalSection
	GlobalSection(ExtensibilityGlobals) = postSolution
		SolutionGuid = {F0F9FB45-FACD-4486-8BB5-17FD8CFAFFBB}
	EndGlobalSection
EndGlobal
